
Microsoft Visual Studio Solution File, Format Version 12.00
# Visual Studio Version 16
VisualStudioVersion = 16.0.29123.88
MinimumVisualStudioVersion = 10.0.40219.1
Project("{9A19103F-16F7-4668-BE54-9A1E7A4F7556}") = "Sentiment.Inference", "Sentiment.Inference\Sentiment.Inference.csproj", "{EB8732A1-BDFD-4DEE-92D9-BBFB5E0B8AE7}"
EndProject
Project("{9A19103F-16F7-4668-BE54-9A1E7A4F7556}") = "Sentiment.Client", "Sentiment.Client\Sentiment.Client.csproj", "{704DB11F-0176-4107-A9D9-F8B41B7C2CA9}"
EndProject
Project("{9A19103F-16F7-4668-BE54-9A1E7A4F7556}") = "Sentiment.Training", "Sentiment.Training\Sentiment.Training.csproj", "{B54CFE13-93C8-4390-9F9B-22B456469C58}"
EndProject
Global
	GlobalSection(SolutionConfigurationPlatforms) = preSolution
		Debug|Any CPU = Debug|Any CPU
		Release|Any CPU = Release|Any CPU
	EndGlobalSection
	GlobalSection(ProjectConfigurationPlatforms) = postSolution
		{EB8732A1-BDFD-4DEE-92D9-BBFB5E0B8AE7}.Debug|Any CPU.ActiveCfg = Debug|Any CPU
		{EB8732A1-BDFD-4DEE-92D9-BBFB5E0B8AE7}.Debug|Any CPU.Build.0 = Debug|Any CPU
		{EB8732A1-BDFD-4DEE-92D9-BBFB5E0B8AE7}.Release|Any CPU.ActiveCfg = Release|Any CPU
		{EB8732A1-BDFD-4DEE-92D9-BBFB5E0B8AE7}.Release|Any CPU.Build.0 = Release|Any CPU
		{704DB11F-0176-4107-A9D9-F8B41B7C2CA9}.Debug|Any CPU.ActiveCfg = Debug|Any CPU
		{704DB11F-0176-4107-A9D9-F8B41B7C2CA9}.Debug|Any CPU.Build.0 = Debug|Any CPU
		{704DB11F-0176-4107-A9D9-F8B41B7C2CA9}.Release|Any CPU.ActiveCfg = Release|Any CPU
		{704DB11F-0176-4107-A9D9-F8B41B7C2CA9}.Release|Any CPU.Build.0 = Release|Any CPU
		{B54CFE13-93C8-4390-9F9B-22B456469C58}.Debug|Any CPU.ActiveCfg = Debug|Any CPU
		{B54CFE13-93C8-4390-9F9B-22B456469C58}.Debug|Any CPU.Build.0 = Debug|Any CPU
		{B54CFE13-93C8-4390-9F9B-22B456469C58}.Release|Any CPU.ActiveCfg = Release|Any CPU
		{B54CFE13-93C8-4390-9F9B-22B456469C58}.Release|Any CPU.Build.0 = Release|Any CPU
	EndGlobalSection
	GlobalSection(SolutionProperties) = preSolution
		HideSolutionNode = FALSE
	EndGlobalSection
	GlobalSection(ExtensibilityGlobals) = postSolution
		SolutionGuid = {2D0E2CF6-888F-4D8A-A090-B7C1EE57F02C}
	EndGlobalSection
EndGlobal
